// !$*UTF8*$!
{
	archiveVersion = 1;
	classes = {
	};
	objectVersion = 77;
	objects = {

/* Begin PBXBuildFile section */
		1F521687C4BA28A169B92933 /* Pods_Reminder_ReminderUITests.framework in Frameworks */ = {isa = PBXBuildFile; fileRef = 80B211A8247F24B7ACABE3CF /* Pods_Reminder_ReminderUITests.framework */; };
		2F42F754C48B8E7F6E457878 /* Pods_ReminderTests.framework in Frameworks */ = {isa = PBXBuildFile; fileRef = 3585DA601AA868404732ACCD /* Pods_ReminderTests.framework */; };
		B372028DD6F818F4C75B66C5 /* Pods_Reminder.framework in Frameworks */ = {isa = PBXBuildFile; fileRef = 42DD6B13A563E0E34340C965 /* Pods_Reminder.framework */; };
/* End PBXBuildFile section */

/* Begin PBXContainerItemProxy section */
		A5AB6BAF2DF0C8EF00BE80BD /* PBXContainerItemProxy */ = {
			isa = PBXContainerItemProxy;
			containerPortal = A5AB6B902DF0C8EE00BE80BD /* Project object */;
			proxyType = 1;
			remoteGlobalIDString = A5AB6B972DF0C8EE00BE80BD;
			remoteInfo = Reminder;
		};
		A5AB6BB92DF0C8EF00BE80BD /* PBXContainerItemProxy */ = {
			isa = PBXContainerItemProxy;
			containerPortal = A5AB6B902DF0C8EE00BE80BD /* Project object */;
			proxyType = 1;
			remoteGlobalIDString = A5AB6B972DF0C8EE00BE80BD;
			remoteInfo = Reminder;
		};
/* End PBXContainerItemProxy section */

/* Begin PBXFileReference section */
		229429C3426FB765059E428F /* Pods-Reminder.release.xcconfig */ = {isa = PBXFileReference; includeInIndex = 1; lastKnownFileType = text.xcconfig; name = "Pods-Reminder.release.xcconfig"; path = "Target Support Files/Pods-Reminder/Pods-Reminder.release.xcconfig"; sourceTree = "<group>"; };
		3585DA601AA868404732ACCD /* Pods_ReminderTests.framework */ = {isa = PBXFileReference; explicitFileType = wrapper.framework; includeInIndex = 0; path = Pods_ReminderTests.framework; sourceTree = BUILT_PRODUCTS_DIR; };
		42DD6B13A563E0E34340C965 /* Pods_Reminder.framework */ = {isa = PBXFileReference; explicitFileType = wrapper.framework; includeInIndex = 0; path = Pods_Reminder.framework; sourceTree = BUILT_PRODUCTS_DIR; };
		6647F816FBDED67AB35BFC0D /* Pods-Reminder-ReminderUITests.release.xcconfig */ = {isa = PBXFileReference; includeInIndex = 1; lastKnownFileType = text.xcconfig; name = "Pods-Reminder-ReminderUITests.release.xcconfig"; path = "Target Support Files/Pods-Reminder-ReminderUITests/Pods-Reminder-ReminderUITests.release.xcconfig"; sourceTree = "<group>"; };
		79B325CB65E6B47FA3C039FE /* Pods-ReminderTests.release.xcconfig */ = {isa = PBXFileReference; includeInIndex = 1; lastKnownFileType = text.xcconfig; name = "Pods-ReminderTests.release.xcconfig"; path = "Target Support Files/Pods-ReminderTests/Pods-ReminderTests.release.xcconfig"; sourceTree = "<group>"; };
		80B211A8247F24B7ACABE3CF /* Pods_Reminder_ReminderUITests.framework */ = {isa = PBXFileReference; explicitFileType = wrapper.framework; includeInIndex = 0; path = Pods_Reminder_ReminderUITests.framework; sourceTree = BUILT_PRODUCTS_DIR; };
		A5AB6B982DF0C8EE00BE80BD /* Reminder.app */ = {isa = PBXFileReference; explicitFileType = wrapper.application; includeInIndex = 0; path = Reminder.app; sourceTree = BUILT_PRODUCTS_DIR; };
		A5AB6BAE2DF0C8EF00BE80BD /* ReminderTests.xctest */ = {isa = PBXFileReference; explicitFileType = wrapper.cfbundle; includeInIndex = 0; path = ReminderTests.xctest; sourceTree = BUILT_PRODUCTS_DIR; };
		A5AB6BB82DF0C8EF00BE80BD /* ReminderUITests.xctest */ = {isa = PBXFileReference; explicitFileType = wrapper.cfbundle; includeInIndex = 0; path = ReminderUITests.xctest; sourceTree = BUILT_PRODUCTS_DIR; };
		C8E5B0B7BADBF56A377AA9B5 /* Pods-ReminderTests.debug.xcconfig */ = {isa = PBXFileReference; includeInIndex = 1; lastKnownFileType = text.xcconfig; name = "Pods-ReminderTests.debug.xcconfig"; path = "Target Support Files/Pods-ReminderTests/Pods-ReminderTests.debug.xcconfig"; sourceTree = "<group>"; };
		CCFFD488BFBBCEC44F869C28 /* Pods-Reminder-ReminderUITests.debug.xcconfig */ = {isa = PBXFileReference; includeInIndex = 1; lastKnownFileType = text.xcconfig; name = "Pods-Reminder-ReminderUITests.debug.xcconfig"; path = "Target Support Files/Pods-Reminder-ReminderUITests/Pods-Reminder-ReminderUITests.debug.xcconfig"; sourceTree = "<group>"; };
		FFC712F9CDCE16AB337D02B8 /* Pods-Reminder.debug.xcconfig */ = {isa = PBXFileReference; includeInIndex = 1; lastKnownFileType = text.xcconfig; name = "Pods-Reminder.debug.xcconfig"; path = "Target Support Files/Pods-Reminder/Pods-Reminder.debug.xcconfig"; sourceTree = "<group>"; };
/* End PBXFileReference section */

/* Begin PBXFileSystemSynchronizedBuildFileExceptionSet section */
		A5AB6BC02DF0C8EF00BE80BD /* Exceptions for "Reminder" folder in "Reminder" target */ = {
			isa = PBXFileSystemSynchronizedBuildFileExceptionSet;
			membershipExceptions = (
				Info.plist,
			);
			target = A5AB6B972DF0C8EE00BE80BD /* Reminder */;
		};
/* End PBXFileSystemSynchronizedBuildFileExceptionSet section */

/* Begin PBXFileSystemSynchronizedRootGroup section */
		A5AB6B9A2DF0C8EE00BE80BD /* Reminder */ = {
			isa = PBXFileSystemSynchronizedRootGroup;
			exceptions = (
				A5AB6BC02DF0C8EF00BE80BD /* Exceptions for "Reminder" folder in "Reminder" target */,
			);
			path = Reminder;
			sourceTree = "<group>";
		};
		A5AB6BB12DF0C8EF00BE80BD /* ReminderTests */ = {
			isa = PBXFileSystemSynchronizedRootGroup;
			path = ReminderTests;
			sourceTree = "<group>";
		};
		A5AB6BBB2DF0C8EF00BE80BD /* ReminderUITests */ = {
			isa = PBXFileSystemSynchronizedRootGroup;
			path = ReminderUITests;
			sourceTree = "<group>";
		};
/* End PBXFileSystemSynchronizedRootGroup section */

/* Begin PBXFrameworksBuildPhase section */
		A5AB6B952DF0C8EE00BE80BD /* Frameworks */ = {
			isa = PBXFrameworksBuildPhase;
			buildActionMask = 2147483647;
			files = (
				B372028DD6F818F4C75B66C5 /* Pods_Reminder.framework in Frameworks */,
			);
			runOnlyForDeploymentPostprocessing = 0;
		};
		A5AB6BAB2DF0C8EF00BE80BD /* Frameworks */ = {
			isa = PBXFrameworksBuildPhase;
			buildActionMask = 2147483647;
			files = (
				2F42F754C48B8E7F6E457878 /* Pods_ReminderTests.framework in Frameworks */,
			);
			runOnlyForDeploymentPostprocessing = 0;
		};
		A5AB6BB52DF0C8EF00BE80BD /* Frameworks */ = {
			isa = PBXFrameworksBuildPhase;
			buildActionMask = 2147483647;
			files = (
				1F521687C4BA28A169B92933 /* Pods_Reminder_ReminderUITests.framework in Frameworks */,
			);
			runOnlyForDeploymentPostprocessing = 0;
		};
/* End PBXFrameworksBuildPhase section */

/* Begin PBXGroup section */
		35F2CB104D456418DF6018B4 /* Pods */ = {
			isa = PBXGroup;
			children = (
				FFC712F9CDCE16AB337D02B8 /* Pods-Reminder.debug.xcconfig */,
				229429C3426FB765059E428F /* Pods-Reminder.release.xcconfig */,
				CCFFD488BFBBCEC44F869C28 /* Pods-Reminder-ReminderUITests.debug.xcconfig */,
				6647F816FBDED67AB35BFC0D /* Pods-Reminder-ReminderUITests.release.xcconfig */,
				C8E5B0B7BADBF56A377AA9B5 /* Pods-ReminderTests.debug.xcconfig */,
				79B325CB65E6B47FA3C039FE /* Pods-ReminderTests.release.xcconfig */,
			);
			path = Pods;
			sourceTree = "<group>";
		};
		58E876F971256F45E8415D53 /* Frameworks */ = {
			isa = PBXGroup;
			children = (
				42DD6B13A563E0E34340C965 /* Pods_Reminder.framework */,
				80B211A8247F24B7ACABE3CF /* Pods_Reminder_ReminderUITests.framework */,
				3585DA601AA868404732ACCD /* Pods_ReminderTests.framework */,
			);
			name = Frameworks;
			sourceTree = "<group>";
		};
		A5AB6B8F2DF0C8EE00BE80BD = {
			isa = PBXGroup;
			children = (
				A5AB6BB12DF0C8EF00BE80BD /* ReminderTests */,
				A5AB6BBB2DF0C8EF00BE80BD /* ReminderUITests */,
				A5AB6B992DF0C8EE00BE80BD /* Products */,
				A5AB6B9A2DF0C8EE00BE80BD /* Reminder */,
				35F2CB104D456418DF6018B4 /* Pods */,
				58E876F971256F45E8415D53 /* Frameworks */,
			);
			sourceTree = "<group>";
		};
		A5AB6B992DF0C8EE00BE80BD /* Products */ = {
			isa = PBXGroup;
			children = (
				A5AB6B982DF0C8EE00BE80BD /* Reminder.app */,
				A5AB6BAE2DF0C8EF00BE80BD /* ReminderTests.xctest */,
				A5AB6BB82DF0C8EF00BE80BD /* ReminderUITests.xctest */,
			);
			name = Products;
			sourceTree = "<group>";
		};
/* End PBXGroup section */

/* Begin PBXNativeTarget section */
		A5AB6B972DF0C8EE00BE80BD /* Reminder */ = {
			isa = PBXNativeTarget;
			buildConfigurationList = A5AB6BC12DF0C8EF00BE80BD /* Build configuration list for PBXNativeTarget "Reminder" */;
			buildPhases = (
				AA7AAED85AAA8440EF497280 /* [CP] Check Pods Manifest.lock */,
				A5AB6B942DF0C8EE00BE80BD /* Sources */,
				A5AB6B952DF0C8EE00BE80BD /* Frameworks */,
				A5AB6B962DF0C8EE00BE80BD /* Resources */,
				982784B9B286D02AAABBBD16 /* [CP] Embed Pods Frameworks */,
			);
			buildRules = (
			);
			dependencies = (
			);
			fileSystemSynchronizedGroups = (
				A5AB6B9A2DF0C8EE00BE80BD /* Reminder */,
			);
			name = Reminder;
			productName = Reminder;
			productReference = A5AB6B982DF0C8EE00BE80BD /* Reminder.app */;
			productType = "com.apple.product-type.application";
		};
		A5AB6BAD2DF0C8EF00BE80BD /* ReminderTests */ = {
			isa = PBXNativeTarget;
			buildConfigurationList = A5AB6BC62DF0C8EF00BE80BD /* Build configuration list for PBXNativeTarget "ReminderTests" */;
			buildPhases = (
				821B3C57140F3AA01411DBD2 /* [CP] Check Pods Manifest.lock */,
				A5AB6BAA2DF0C8EF00BE80BD /* Sources */,
				A5AB6BAB2DF0C8EF00BE80BD /* Frameworks */,
				A5AB6BAC2DF0C8EF00BE80BD /* Resources */,
			);
			buildRules = (
			);
			dependencies = (
				A5AB6BB02DF0C8EF00BE80BD /* PBXTargetDependency */,
			);
			fileSystemSynchronizedGroups = (
				A5AB6BB12DF0C8EF00BE80BD /* ReminderTests */,
			);
			name = ReminderTests;
			productName = ReminderTests;
			productReference = A5AB6BAE2DF0C8EF00BE80BD /* ReminderTests.xctest */;
			productType = "com.apple.product-type.bundle.unit-test";
		};
		A5AB6BB72DF0C8EF00BE80BD /* ReminderUITests */ = {
			isa = PBXNativeTarget;
			buildConfigurationList = A5AB6BC92DF0C8EF00BE80BD /* Build configuration list for PBXNativeTarget "ReminderUITests" */;
			buildPhases = (
				555E9B0D96A322B7D9F45464 /* [CP] Check Pods Manifest.lock */,
				A5AB6BB42DF0C8EF00BE80BD /* Sources */,
				A5AB6BB52DF0C8EF00BE80BD /* Frameworks */,
				A5AB6BB62DF0C8EF00BE80BD /* Resources */,
				C59078BC0CAE93F880FD0B2B /* [CP] Embed Pods Frameworks */,
			);
			buildRules = (
			);
			dependencies = (
				A5AB6BBA2DF0C8EF00BE80BD /* PBXTargetDependency */,
			);
			fileSystemSynchronizedGroups = (
				A5AB6BBB2DF0C8EF00BE80BD /* ReminderUITests */,
			);
			name = ReminderUITests;
			productName = ReminderUITests;
			productReference = A5AB6BB82DF0C8EF00BE80BD /* ReminderUITests.xctest */;
			productType = "com.apple.product-type.bundle.ui-testing";
		};
/* End PBXNativeTarget section */

/* Begin PBXProject section */
		A5AB6B902DF0C8EE00BE80BD /* Project object */ = {
			isa = PBXProject;
			attributes = {
				BuildIndependentTargetsInParallel = 1;
				LastSwiftUpdateCheck = 1640;
				LastUpgradeCheck = 1640;
				TargetAttributes = {
					A5AB6B972DF0C8EE00BE80BD = {
						CreatedOnToolsVersion = 16.4;
					};
					A5AB6BAD2DF0C8EF00BE80BD = {
						CreatedOnToolsVersion = 16.4;
						TestTargetID = A5AB6B972DF0C8EE00BE80BD;
					};
					A5AB6BB72DF0C8EF00BE80BD = {
						CreatedOnToolsVersion = 16.4;
						TestTargetID = A5AB6B972DF0C8EE00BE80BD;
					};
				};
			};
			buildConfigurationList = A5AB6B932DF0C8EE00BE80BD /* Build configuration list for PBXProject "Reminder" */;
			developmentRegion = en;
			hasScannedForEncodings = 0;
			knownRegions = (
				en,
				Base,
			);
			mainGroup = A5AB6B8F2DF0C8EE00BE80BD;
			minimizedProjectReferenceProxies = 1;
			preferredProjectObjectVersion = 77;
			productRefGroup = A5AB6B992DF0C8EE00BE80BD /* Products */;
			projectDirPath = "";
			projectRoot = "";
			targets = (
				A5AB6B972DF0C8EE00BE80BD /* Reminder */,
				A5AB6BAD2DF0C8EF00BE80BD /* ReminderTests */,
				A5AB6BB72DF0C8EF00BE80BD /* ReminderUITests */,
			);
		};
/* End PBXProject section */

/* Begin PBXResourcesBuildPhase section */
		A5AB6B962DF0C8EE00BE80BD /* Resources */ = {
			isa = PBXResourcesBuildPhase;
			buildActionMask = 2147483647;
			files = (
			);
			runOnlyForDeploymentPostprocessing = 0;
		};
		A5AB6BAC2DF0C8EF00BE80BD /* Resources */ = {
			isa = PBXResourcesBuildPhase;
			buildActionMask = 2147483647;
			files = (
			);
			runOnlyForDeploymentPostprocessing = 0;
		};
		A5AB6BB62DF0C8EF00BE80BD /* Resources */ = {
			isa = PBXResourcesBuildPhase;
			buildActionMask = 2147483647;
			files = (
			);
			runOnlyForDeploymentPostprocessing = 0;
		};
/* End PBXResourcesBuildPhase section */

/* Begin PBXShellScriptBuildPhase section */
		555E9B0D96A322B7D9F45464 /* [CP] Check Pods Manifest.lock */ = {
			isa = PBXShellScriptBuildPhase;
			buildActionMask = 2147483647;
			files = (
			);
			inputFileListPaths = (
			);
			inputPaths = (
				"${PODS_PODFILE_DIR_PATH}/Podfile.lock",
				"${PODS_ROOT}/Manifest.lock",
			);
			name = "[CP] Check Pods Manifest.lock";
			outputFileListPaths = (
			);
			outputPaths = (
				"$(DERIVED_FILE_DIR)/Pods-Reminder-ReminderUITests-checkManifestLockResult.txt",
			);
			runOnlyForDeploymentPostprocessing = 0;
			shellPath = /bin/sh;
			shellScript = "diff \"${PODS_PODFILE_DIR_PATH}/Podfile.lock\" \"${PODS_ROOT}/Manifest.lock\" > /dev/null\nif [ $? != 0 ] ; then\n    # print error to STDERR\n    echo \"error: The sandbox is not in sync with the Podfile.lock. Run 'pod install' or update your CocoaPods installation.\" >&2\n    exit 1\nfi\n# This output is used by Xcode 'outputs' to avoid re-running this script phase.\necho \"SUCCESS\" > \"${SCRIPT_OUTPUT_FILE_0}\"\n";
			showEnvVarsInLog = 0;
		};
		821B3C57140F3AA01411DBD2 /* [CP] Check Pods Manifest.lock */ = {
			isa = PBXShellScriptBuildPhase;
			buildActionMask = 2147483647;
			files = (
			);
			inputFileListPaths = (
			);
			inputPaths = (
				"${PODS_PODFILE_DIR_PATH}/Podfile.lock",
				"${PODS_ROOT}/Manifest.lock",
			);
			name = "[CP] Check Pods Manifest.lock";
			outputFileListPaths = (
			);
			outputPaths = (
				"$(DERIVED_FILE_DIR)/Pods-ReminderTests-checkManifestLockResult.txt",
			);
			runOnlyForDeploymentPostprocessing = 0;
			shellPath = /bin/sh;
			shellScript = "diff \"${PODS_PODFILE_DIR_PATH}/Podfile.lock\" \"${PODS_ROOT}/Manifest.lock\" > /dev/null\nif [ $? != 0 ] ; then\n    # print error to STDERR\n    echo \"error: The sandbox is not in sync with the Podfile.lock. Run 'pod install' or update your CocoaPods installation.\" >&2\n    exit 1\nfi\n# This output is used by Xcode 'outputs' to avoid re-running this script phase.\necho \"SUCCESS\" > \"${SCRIPT_OUTPUT_FILE_0}\"\n";
			showEnvVarsInLog = 0;
		};
		982784B9B286D02AAABBBD16 /* [CP] Embed Pods Frameworks */ = {
			isa = PBXShellScriptBuildPhase;
			buildActionMask = 2147483647;
			files = (
			);
			inputFileListPaths = (
				"${PODS_ROOT}/Target Support Files/Pods-Reminder/Pods-Reminder-frameworks-${CONFIGURATION}-input-files.xcfilelist",
			);
			inputPaths = (
			);
			name = "[CP] Embed Pods Frameworks";
			outputFileListPaths = (
				"${PODS_ROOT}/Target Support Files/Pods-Reminder/Pods-Reminder-frameworks-${CONFIGURATION}-output-files.xcfilelist",
			);
			outputPaths = (
			);
			runOnlyForDeploymentPostprocessing = 0;
			shellPath = /bin/sh;
			shellScript = "\"${PODS_ROOT}/Target Support Files/Pods-Reminder/Pods-Reminder-frameworks.sh\"\n";
			showEnvVarsInLog = 0;
		};
		AA7AAED85AAA8440EF497280 /* [CP] Check Pods Manifest.lock */ = {
			isa = PBXShellScriptBuildPhase;
			buildActionMask = 2147483647;
			files = (
			);
			inputFileListPaths = (
			);
			inputPaths = (
				"${PODS_PODFILE_DIR_PATH}/Podfile.lock",
				"${PODS_ROOT}/Manifest.lock",
			);
			name = "[CP] Check Pods Manifest.lock";
			outputFileListPaths = (
			);
			outputPaths = (
				"$(DERIVED_FILE_DIR)/Pods-Reminder-checkManifestLockResult.txt",
			);
			runOnlyForDeploymentPostprocessing = 0;
			shellPath = /bin/sh;
			shellScript = "diff \"${PODS_PODFILE_DIR_PATH}/Podfile.lock\" \"${PODS_ROOT}/Manifest.lock\" > /dev/null\nif [ $? != 0 ] ; then\n    # print error to STDERR\n    echo \"error: The sandbox is not in sync with the Podfile.lock. Run 'pod install' or update your CocoaPods installation.\" >&2\n    exit 1\nfi\n# This output is used by Xcode 'outputs' to avoid re-running this script phase.\necho \"SUCCESS\" > \"${SCRIPT_OUTPUT_FILE_0}\"\n";
			showEnvVarsInLog = 0;
		};
		C59078BC0CAE93F880FD0B2B /* [CP] Embed Pods Frameworks */ = {
			isa = PBXShellScriptBuildPhase;
			buildActionMask = 2147483647;
			files = (
			);
			inputFileListPaths = (
				"${PODS_ROOT}/Target Support Files/Pods-Reminder-ReminderUITests/Pods-Reminder-ReminderUITests-frameworks-${CONFIGURATION}-input-files.xcfilelist",
			);
			inputPaths = (
			);
			name = "[CP] Embed Pods Frameworks";
			outputFileListPaths = (
				"${PODS_ROOT}/Target Support Files/Pods-Reminder-ReminderUITests/Pods-Reminder-ReminderUITests-frameworks-${CONFIGURATION}-output-files.xcfilelist",
			);
			outputPaths = (
			);
			runOnlyForDeploymentPostprocessing = 0;
			shellPath = /bin/sh;
			shellScript = "\"${PODS_ROOT}/Target Support Files/Pods-Reminder-ReminderUITests/Pods-Reminder-ReminderUITests-frameworks.sh\"\n";
			showEnvVarsInLog = 0;
		};
/* End PBXShellScriptBuildPhase section */

/* Begin PBXSourcesBuildPhase section */
		A5AB6B942DF0C8EE00BE80BD /* Sources */ = {
			isa = PBXSourcesBuildPhase;
			buildActionMask = 2147483647;
			files = (
			);
			runOnlyForDeploymentPostprocessing = 0;
		};
		A5AB6BAA2DF0C8EF00BE80BD /* Sources */ = {
			isa = PBXSourcesBuildPhase;
			buildActionMask = 2147483647;
			files = (
			);
			runOnlyForDeploymentPostprocessing = 0;
		};
		A5AB6BB42DF0C8EF00BE80BD /* Sources */ = {
			isa = PBXSourcesBuildPhase;
			buildActionMask = 2147483647;
			files = (
			);
			runOnlyForDeploymentPostprocessing = 0;
		};
/* End PBXSourcesBuildPhase section */

/* Begin PBXTargetDependency section */
		A5AB6BB02DF0C8EF00BE80BD /* PBXTargetDependency */ = {
			isa = PBXTargetDependency;
			target = A5AB6B972DF0C8EE00BE80BD /* Reminder */;
			targetProxy = A5AB6BAF2DF0C8EF00BE80BD /* PBXContainerItemProxy */;
		};
		A5AB6BBA2DF0C8EF00BE80BD /* PBXTargetDependency */ = {
			isa = PBXTargetDependency;
			target = A5AB6B972DF0C8EE00BE80BD /* Reminder */;
			targetProxy = A5AB6BB92DF0C8EF00BE80BD /* PBXContainerItemProxy */;
		};
/* End PBXTargetDependency section */

/* Begin XCBuildConfiguration section */
		A5AB6BC22DF0C8EF00BE80BD /* Debug */ = {
			isa = XCBuildConfiguration;
			baseConfigurationReference = FFC712F9CDCE16AB337D02B8 /* Pods-Reminder.debug.xcconfig */;
			buildSettings = {
				ASSETCATALOG_COMPILER_APPICON_NAME = AppIcon;
				ASSETCATALOG_COMPILER_GLOBAL_ACCENT_COLOR_NAME = AccentColor;
				CODE_SIGN_STYLE = Automatic;
				CURRENT_PROJECT_VERSION = 1;
				DEVELOPMENT_TEAM = PZ6MZ6296G;
				GENERATE_INFOPLIST_FILE = YES;
				INFOPLIST_FILE = Reminder/Info.plist;
				INFOPLIST_KEY_CFBundleDisplayName = Reminder;
				INFOPLIST_KEY_UIApplicationSupportsIndirectInputEvents = YES;
				INFOPLIST_KEY_UILaunchStoryboardName = SplashViewController;
				INFOPLIST_KEY_UISupportedInterfaceOrientations_iPad = "UIInterfaceOrientationPortrait UIInterfaceOrientationPortraitUpsideDown UIInterfaceOrientationLandscapeLeft UIInterfaceOrientationLandscapeRight";
				INFOPLIST_KEY_UISupportedInterfaceOrientations_iPhone = "UIInterfaceOrientationPortrait UIInterfaceOrientationLandscapeLeft UIInterfaceOrientationLandscapeRight";
				LD_RUNPATH_SEARCH_PATHS = (
					"$(inherited)",
					"@executable_path/Frameworks",
				);
				MARKETING_VERSION = 1.0;
				PRODUCT_BUNDLE_IDENTIFIER = com.martins.milton.Reminder;
				PRODUCT_NAME = "$(TARGET_NAME)";
				SWIFT_EMIT_LOC_STRINGS = YES;
				SWIFT_VERSION = 5.0;
				TARGETED_DEVICE_FAMILY = "1,2";
			};
			name = Debug;
		};
		A5AB6BC32DF0C8EF00BE80BD /* Release */ = {
			isa = XCBuildConfiguration;
			baseConfigurationReference = 229429C3426FB765059E428F /* Pods-Reminder.release.xcconfig */;
			buildSettings = {
				ASSETCATALOG_COMPILER_APPICON_NAME = AppIcon;
				ASSETCATALOG_COMPILER_GLOBAL_ACCENT_COLOR_NAME = AccentColor;
				CODE_SIGN_STYLE = Automatic;
				CURRENT_PROJECT_VERSION = 1;
				DEVELOPMENT_TEAM = PZ6MZ6296G;
				GENERATE_INFOPLIST_FILE = YES;
				INFOPLIST_FILE = Reminder/Info.plist;
				INFOPLIST_KEY_CFBundleDisplayName = Reminder;
				INFOPLIST_KEY_UIApplicationSupportsIndirectInputEvents = YES;
				INFOPLIST_KEY_UILaunchStoryboardName = SplashViewController;
				INFOPLIST_KEY_UISupportedInterfaceOrientations_iPad = "UIInterfaceOrientationPortrait UIInterfaceOrientationPortraitUpsideDown UIInterfaceOrientationLandscapeLeft UIInterfaceOrientationLandscapeRight";
				INFOPLIST_KEY_UISupportedInterfaceOrientations_iPhone = "UIInterfaceOrientationPortrait UIInterfaceOrientationLandscapeLeft UIInterfaceOrientationLandscapeRight";
				LD_RUNPATH_SEARCH_PATHS = (
					"$(inherited)",
					"@executable_path/Frameworks",
				);
				MARKETING_VERSION = 1.0;
				PRODUCT_BUNDLE_IDENTIFIER = com.martins.milton.Reminder;
				PRODUCT_NAME = "$(TARGET_NAME)";
				SWIFT_EMIT_LOC_STRINGS = YES;
				SWIFT_VERSION = 5.0;
				TARGETED_DEVICE_FAMILY = "1,2";
			};
			name = Release;
		};
		A5AB6BC42DF0C8EF00BE80BD /* Debug */ = {
			isa = XCBuildConfiguration;
			buildSettings = {
				ALWAYS_SEARCH_USER_PATHS = NO;
				ASSETCATALOG_COMPILER_GENERATE_SWIFT_ASSET_SYMBOL_EXTENSIONS = YES;
				CLANG_ANALYZER_NONNULL = YES;
				CLANG_ANALYZER_NUMBER_OBJECT_CONVERSION = YES_AGGRESSIVE;
				CLANG_CXX_LANGUAGE_STANDARD = "gnu++20";
				CLANG_ENABLE_MODULES = YES;
				CLANG_ENABLE_OBJC_ARC = YES;
				CLANG_ENABLE_OBJC_WEAK = YES;
				CLANG_WARN_BLOCK_CAPTURE_AUTORELEASING = YES;
				CLANG_WARN_BOOL_CONVERSION = YES;
				CLANG_WARN_COMMA = YES;
				CLANG_WARN_CONSTANT_CONVERSION = YES;
				CLANG_WARN_DEPRECATED_OBJC_IMPLEMENTATIONS = YES;
				CLANG_WARN_DIRECT_OBJC_ISA_USAGE = YES_ERROR;
				CLANG_WARN_DOCUMENTATION_COMMENTS = YES;
				CLANG_WARN_EMPTY_BODY = YES;
				CLANG_WARN_ENUM_CONVERSION = YES;
				CLANG_WARN_INFINITE_RECURSION = YES;
				CLANG_WARN_INT_CONVERSION = YES;
				CLANG_WARN_NON_LITERAL_NULL_CONVERSION = YES;
				CLANG_WARN_OBJC_IMPLICIT_RETAIN_SELF = YES;
				CLANG_WARN_OBJC_LITERAL_CONVERSION = YES;
				CLANG_WARN_OBJC_ROOT_CLASS = YES_ERROR;
				CLANG_WARN_QUOTED_INCLUDE_IN_FRAMEWORK_HEADER = YES;
				CLANG_WARN_RANGE_LOOP_ANALYSIS = YES;
				CLANG_WARN_STRICT_PROTOTYPES = YES;
				CLANG_WARN_SUSPICIOUS_MOVE = YES;
				CLANG_WARN_UNGUARDED_AVAILABILITY = YES_AGGRESSIVE;
				CLANG_WARN_UNREACHABLE_CODE = YES;
				CLANG_WARN__DUPLICATE_METHOD_MATCH = YES;
				COPY_PHASE_STRIP = NO;
				DEBUG_INFORMATION_FORMAT = dwarf;
				DEVELOPMENT_TEAM = PZ6MZ6296G;
				ENABLE_STRICT_OBJC_MSGSEND = YES;
				ENABLE_TESTABILITY = YES;
				ENABLE_USER_SCRIPT_SANDBOXING = NO;
				GCC_C_LANGUAGE_STANDARD = gnu17;
				GCC_DYNAMIC_NO_PIC = NO;
				GCC_NO_COMMON_BLOCKS = YES;
				GCC_OPTIMIZATION_LEVEL = 0;
				GCC_PREPROCESSOR_DEFINITIONS = (
					"DEBUG=1",
					"$(inherited)",
				);
				GCC_WARN_64_TO_32_BIT_CONVERSION = YES;
				GCC_WARN_ABOUT_RETURN_TYPE = YES_ERROR;
				GCC_WARN_UNDECLARED_SELECTOR = YES;
				GCC_WARN_UNINITIALIZED_AUTOS = YES_AGGRESSIVE;
				GCC_WARN_UNUSED_FUNCTION = YES;
				GCC_WARN_UNUSED_VARIABLE = YES;
				IPHONEOS_DEPLOYMENT_TARGET = 18.5;
				LOCALIZATION_PREFERS_STRING_CATALOGS = YES;
				MTL_ENABLE_DEBUG_INFO = INCLUDE_SOURCE;
				MTL_FAST_MATH = YES;
				ONLY_ACTIVE_ARCH = YES;
				SDKROOT = iphoneos;
				SWIFT_ACTIVE_COMPILATION_CONDITIONS = "DEBUG $(inherited)";
				SWIFT_EMIT_LOC_STRINGS = YES;
				SWIFT_OPTIMIZATION_LEVEL = "-Onone";
			};
			name = Debug;
		};
		A5AB6BC52DF0C8EF00BE80BD /* Release */ = {
			isa = XCBuildConfiguration;
			buildSettings = {
				ALWAYS_SEARCH_USER_PATHS = NO;
				ASSETCATALOG_COMPILER_GENERATE_SWIFT_ASSET_SYMBOL_EXTENSIONS = YES;
				CLANG_ANALYZER_NONNULL = YES;
				CLANG_ANALYZER_NUMBER_OBJECT_CONVERSION = YES_AGGRESSIVE;
				CLANG_CXX_LANGUAGE_STANDARD = "gnu++20";
				CLANG_ENABLE_MODULES = YES;
				CLANG_ENABLE_OBJC_ARC = YES;
				CLANG_ENABLE_OBJC_WEAK = YES;
				CLANG_WARN_BLOCK_CAPTURE_AUTORELEASING = YES;
				CLANG_WARN_BOOL_CONVERSION = YES;
				CLANG_WARN_COMMA = YES;
				CLANG_WARN_CONSTANT_CONVERSION = YES;
				CLANG_WARN_DEPRECATED_OBJC_IMPLEMENTATIONS = YES;
				CLANG_WARN_DIRECT_OBJC_ISA_USAGE = YES_ERROR;
				CLANG_WARN_DOCUMENTATION_COMMENTS = YES;
				CLANG_WARN_EMPTY_BODY = YES;
				CLANG_WARN_ENUM_CONVERSION = YES;
				CLANG_WARN_INFINITE_RECURSION = YES;
				CLANG_WARN_INT_CONVERSION = YES;
				CLANG_WARN_NON_LITERAL_NULL_CONVERSION = YES;
				CLANG_WARN_OBJC_IMPLICIT_RETAIN_SELF = YES;
				CLANG_WARN_OBJC_LITERAL_CONVERSION = YES;
				CLANG_WARN_OBJC_ROOT_CLASS = YES_ERROR;
				CLANG_WARN_QUOTED_INCLUDE_IN_FRAMEWORK_HEADER = YES;
				CLANG_WARN_RANGE_LOOP_ANALYSIS = YES;
				CLANG_WARN_STRICT_PROTOTYPES = YES;
				CLANG_WARN_SUSPICIOUS_MOVE = YES;
				CLANG_WARN_UNGUARDED_AVAILABILITY = YES_AGGRESSIVE;
				CLANG_WARN_UNREACHABLE_CODE = YES;
				CLANG_WARN__DUPLICATE_METHOD_MATCH = YES;
				COPY_PHASE_STRIP = NO;
				DEBUG_INFORMATION_FORMAT = "dwarf-with-dsym";
				DEVELOPMENT_TEAM = PZ6MZ6296G;
				ENABLE_NS_ASSERTIONS = NO;
				ENABLE_STRICT_OBJC_MSGSEND = YES;
				ENABLE_USER_SCRIPT_SANDBOXING = NO;
				GCC_C_LANGUAGE_STANDARD = gnu17;
				GCC_NO_COMMON_BLOCKS = YES;
				GCC_WARN_64_TO_32_BIT_CONVERSION = YES;
				GCC_WARN_ABOUT_RETURN_TYPE = YES_ERROR;
				GCC_WARN_UNDECLARED_SELECTOR = YES;
				GCC_WARN_UNINITIALIZED_AUTOS = YES_AGGRESSIVE;
				GCC_WARN_UNUSED_FUNCTION = YES;
				GCC_WARN_UNUSED_VARIABLE = YES;
				IPHONEOS_DEPLOYMENT_TARGET = 18.5;
				LOCALIZATION_PREFERS_STRING_CATALOGS = YES;
				MTL_ENABLE_DEBUG_INFO = NO;
				MTL_FAST_MATH = YES;
				SDKROOT = iphoneos;
				SWIFT_COMPILATION_MODE = wholemodule;
				SWIFT_EMIT_LOC_STRINGS = YES;
				VALIDATE_PRODUCT = YES;
			};
			name = Release;
		};
		A5AB6BC72DF0C8EF00BE80BD /* Debug */ = {
			isa = XCBuildConfiguration;
			baseConfigurationReference = C8E5B0B7BADBF56A377AA9B5 /* Pods-ReminderTests.debug.xcconfig */;
			buildSettings = {
				BUNDLE_LOADER = "$(TEST_HOST)";
				CODE_SIGN_STYLE = Automatic;
				CURRENT_PROJECT_VERSION = 1;
				DEVELOPMENT_TEAM = PZ6MZ6296G;
				GENERATE_INFOPLIST_FILE = YES;
				IPHONEOS_DEPLOYMENT_TARGET = 18.5;
				MARKETING_VERSION = 1.0;
				PRODUCT_BUNDLE_IDENTIFIER = com.martins.milton.ReminderTests;
				PRODUCT_NAME = "$(TARGET_NAME)";
				SWIFT_EMIT_LOC_STRINGS = NO;
				SWIFT_VERSION = 5.0;
				TARGETED_DEVICE_FAMILY = "1,2";
				TEST_HOST = "$(BUILT_PRODUCTS_DIR)/Reminder.app/$(BUNDLE_EXECUTABLE_FOLDER_PATH)/Reminder";
			};
			name = Debug;
		};
		A5AB6BC82DF0C8EF00BE80BD /* Release */ = {
			isa = XCBuildConfiguration;
			baseConfigurationReference = 79B325CB65E6B47FA3C039FE /* Pods-ReminderTests.release.xcconfig */;
			buildSettings = {
				BUNDLE_LOADER = "$(TEST_HOST)";
				CODE_SIGN_STYLE = Automatic;
				CURRENT_PROJECT_VERSION = 1;
				DEVELOPMENT_TEAM = PZ6MZ6296G;
				GENERATE_INFOPLIST_FILE = YES;
				IPHONEOS_DEPLOYMENT_TARGET = 18.5;
				MARKETING_VERSION = 1.0;
				PRODUCT_BUNDLE_IDENTIFIER = com.martins.milton.ReminderTests;
				PRODUCT_NAME = "$(TARGET_NAME)";
				SWIFT_EMIT_LOC_STRINGS = NO;
				SWIFT_VERSION = 5.0;
				TARGETED_DEVICE_FAMILY = "1,2";
				TEST_HOST = "$(BUILT_PRODUCTS_DIR)/Reminder.app/$(BUNDLE_EXECUTABLE_FOLDER_PATH)/Reminder";
			};
			name = Release;
		};
		A5AB6BCA2DF0C8EF00BE80BD /* Debug */ = {
			isa = XCBuildConfiguration;
			baseConfigurationReference = CCFFD488BFBBCEC44F869C28 /* Pods-Reminder-ReminderUITests.debug.xcconfig */;
			buildSettings = {
				CODE_SIGN_STYLE = Automatic;
				CURRENT_PROJECT_VERSION = 1;
				DEVELOPMENT_TEAM = PZ6MZ6296G;
				GENERATE_INFOPLIST_FILE = YES;
				MARKETING_VERSION = 1.0;
				PRODUCT_BUNDLE_IDENTIFIER = com.martins.milton.ReminderUITests;
				PRODUCT_NAME = "$(TARGET_NAME)";
				SWIFT_EMIT_LOC_STRINGS = NO;
				SWIFT_VERSION = 5.0;
				TARGETED_DEVICE_FAMILY = "1,2";
				TEST_TARGET_NAME = Reminder;
			};
			name = Debug;
		};
		A5AB6BCB2DF0C8EF00BE80BD /* Release */ = {
			isa = XCBuildConfiguration;
			baseConfigurationReference = 6647F816FBDED67AB35BFC0D /* Pods-Reminder-ReminderUITests.release.xcconfig */;
			buildSettings = {
				CODE_SIGN_STYLE = Automatic;
				CURRENT_PROJECT_VERSION = 1;
				DEVELOPMENT_TEAM = PZ6MZ6296G;
				GENERATE_INFOPLIST_FILE = YES;
				MARKETING_VERSION = 1.0;
				PRODUCT_BUNDLE_IDENTIFIER = com.martins.milton.ReminderUITests;
				PRODUCT_NAME = "$(TARGET_NAME)";
				SWIFT_EMIT_LOC_STRINGS = NO;
				SWIFT_VERSION = 5.0;
				TARGETED_DEVICE_FAMILY = "1,2";
				TEST_TARGET_NAME = Reminder;
			};
			name = Release;
		};
/* End XCBuildConfiguration section */

/* Begin XCConfigurationList section */
		A5AB6B932DF0C8EE00BE80BD /* Build configuration list for PBXProject "Reminder" */ = {
			isa = XCConfigurationList;
			buildConfigurations = (
				A5AB6BC42DF0C8EF00BE80BD /* Debug */,
				A5AB6BC52DF0C8EF00BE80BD /* Release */,
			);
			defaultConfigurationIsVisible = 0;
			defaultConfigurationName = Release;
		};
		A5AB6BC12DF0C8EF00BE80BD /* Build configuration list for PBXNativeTarget "Reminder" */ = {
			isa = XCConfigurationList;
			buildConfigurations = (
				A5AB6BC22DF0C8EF00BE80BD /* Debug */,
				A5AB6BC32DF0C8EF00BE80BD /* Release */,
			);
			defaultConfigurationIsVisible = 0;
			defaultConfigurationName = Release;
		};
		A5AB6BC62DF0C8EF00BE80BD /* Build configuration list for PBXNativeTarget "ReminderTests" */ = {
			isa = XCConfigurationList;
			buildConfigurations = (
				A5AB6BC72DF0C8EF00BE80BD /* Debug */,
				A5AB6BC82DF0C8EF00BE80BD /* Release */,
			);
			defaultConfigurationIsVisible = 0;
			defaultConfigurationName = Release;
		};
		A5AB6BC92DF0C8EF00BE80BD /* Build configuration list for PBXNativeTarget "ReminderUITests" */ = {
			isa = XCConfigurationList;
			buildConfigurations = (
				A5AB6BCA2DF0C8EF00BE80BD /* Debug */,
				A5AB6BCB2DF0C8EF00BE80BD /* Release */,
			);
			defaultConfigurationIsVisible = 0;
			defaultConfigurationName = Release;
		};
/* End XCConfigurationList section */
	};
	rootObject = A5AB6B902DF0C8EE00BE80BD /* Project object */;
}
